
Microsoft Visual Studio Solution File, Format Version 12.00
# Visual Studio Version 16
VisualStudioVersion = 16.0.33529.622
MinimumVisualStudioVersion = 10.0.40219.1
Project("{FAE04EC0-301F-11D3-BF4B-00C04F79EFBC}") = "Converter", "Converter.csproj", "{4256F2BB-1628-4396-B007-33779BB2FA8A}"
EndProject
Global
	GlobalSection(SolutionConfigurationPlatforms) = preSolution
		Debug|Any CPU = Debug|Any CPU
		Release|Any CPU = Release|Any CPU
	EndGlobalSection
	GlobalSection(ProjectConfigurationPlatforms) = postSolution
		{4256F2BB-1628-4396-B007-33779BB2FA8A}.Debug|Any CPU.ActiveCfg = Debug|Any CPU
		{4256F2BB-1628-4396-B007-33779BB2FA8A}.Debug|Any CPU.Build.0 = Debug|Any CPU
		{4256F2BB-1628-4396-B007-33779BB2FA8A}.Release|Any CPU.ActiveCfg = Release|Any CPU
		{4256F2BB-1628-4396-B007-33779BB2FA8A}.Release|Any CPU.Build.0 = Release|Any CPU
	EndGlobalSection
	GlobalSection(SolutionProperties) = preSolution
		HideSolutionNode = FALSE
	EndGlobalSection
	GlobalSection(ExtensibilityGlobals) = postSolution
		SolutionGuid = {CC948A06-E141-45B8-933C-E61FFE996B80}
	EndGlobalSection
EndGlobal
